<Solution>
  <Folder Name="/ClawdNet/">
    <Project Path="ClawdNet/ClawdNet.App/ClawdNet.App.csproj" />
    <Project Path="ClawdNet/ClawdNet.Core/ClawdNet.Core.csproj" />
    <Project Path="ClawdNet/ClawdNet.Runtime/ClawdNet.Runtime.csproj" />
    <Project Path="ClawdNet/ClawdNet.Terminal/ClawdNet.Terminal.csproj" />
    <Project Path="ClawdNet/ClawdNet.Tests/ClawdNet.Tests.csproj" />
  </Folder>
</Solution>
